// !$*UTF8*$!
{
	archiveVersion = 1;
	classes = {
	};
	objectVersion = 48;
	objects = {

/* Begin PBXBuildFile section */
		52ED12A620391B8C00F707BF /* main.swift in Sources */ = {isa = PBXBuildFile; fileRef = 52ED12A520391B8C00F707BF /* main.swift */; };
		52ED12B320391BEF00F707BF /* PowerSetTests.swift in Sources */ = {isa = PBXBuildFile; fileRef = 52ED12B220391BEF00F707BF /* PowerSetTests.swift */; };
		52ED12B920391D3B00F707BF /* String+PowerSet.swift in Sources */ = {isa = PBXBuildFile; fileRef = 52ED12B820391D3B00F707BF /* String+PowerSet.swift */; };
		52ED12BD20391D9F00F707BF /* NSString+PowerSet.m in Sources */ = {isa = PBXBuildFile; fileRef = 52ED12BC20391D9F00F707BF /* NSString+PowerSet.m */; };
		52ED12BE2039228900F707BF /* NSString+PowerSet.m in Sources */ = {isa = PBXBuildFile; fileRef = 52ED12BC20391D9F00F707BF /* NSString+PowerSet.m */; };
		52ED12BF2039228C00F707BF /* String+PowerSet.swift in Sources */ = {isa = PBXBuildFile; fileRef = 52ED12B820391D3B00F707BF /* String+PowerSet.swift */; };
/* End PBXBuildFile section */

/* Begin PBXCopyFilesBuildPhase section */
		52ED12A020391B8C00F707BF /* CopyFiles */ = {
			isa = PBXCopyFilesBuildPhase;
			buildActionMask = 2147483647;
			dstPath = /usr/share/man/man1/;
			dstSubfolderSpec = 0;
			files = (
			);
			runOnlyForDeploymentPostprocessing = 1;
		};
/* End PBXCopyFilesBuildPhase section */

/* Begin PBXFileReference section */
		52ED12A220391B8C00F707BF /* CodingExamples */ = {isa = PBXFileReference; explicitFileType = "compiled.mach-o.executable"; includeInIndex = 0; path = CodingExamples; sourceTree = BUILT_PRODUCTS_DIR; };
		52ED12A520391B8C00F707BF /* main.swift */ = {isa = PBXFileReference; lastKnownFileType = sourcecode.swift; path = main.swift; sourceTree = "<group>"; };
		52ED12B020391BEF00F707BF /* CodingTests.xctest */ = {isa = PBXFileReference; explicitFileType = wrapper.cfbundle; includeInIndex = 0; path = CodingTests.xctest; sourceTree = BUILT_PRODUCTS_DIR; };
		52ED12B220391BEF00F707BF /* PowerSetTests.swift */ = {isa = PBXFileReference; lastKnownFileType = sourcecode.swift; path = PowerSetTests.swift; sourceTree = "<group>"; };
		52ED12B420391BEF00F707BF /* Info.plist */ = {isa = PBXFileReference; lastKnownFileType = text.plist.xml; path = Info.plist; sourceTree = "<group>"; };
		52ED12B820391D3B00F707BF /* String+PowerSet.swift */ = {isa = PBXFileReference; lastKnownFileType = sourcecode.swift; path = "String+PowerSet.swift"; sourceTree = "<group>"; };
		52ED12BA20391D9F00F707BF /* CodingExamples-Bridging-Header.h */ = {isa = PBXFileReference; lastKnownFileType = sourcecode.c.h; path = "CodingExamples-Bridging-Header.h"; sourceTree = "<group>"; };
		52ED12BB20391D9F00F707BF /* NSString+PowerSet.h */ = {isa = PBXFileReference; lastKnownFileType = sourcecode.c.h; path = "NSString+PowerSet.h"; sourceTree = "<group>"; };
		52ED12BC20391D9F00F707BF /* NSString+PowerSet.m */ = {isa = PBXFileReference; lastKnownFileType = sourcecode.c.objc; path = "NSString+PowerSet.m"; sourceTree = "<group>"; };
		52ED12C22039312700F707BF /* README.md */ = {isa = PBXFileReference; lastKnownFileType = net.daringfireball.markdown; path = README.md; sourceTree = "<group>"; };
/* End PBXFileReference section */

/* Begin PBXFrameworksBuildPhase section */
		52ED129F20391B8C00F707BF /* Frameworks */ = {
			isa = PBXFrameworksBuildPhase;
			buildActionMask = 2147483647;
			files = (
			);
			runOnlyForDeploymentPostprocessing = 0;
		};
		52ED12AD20391BEF00F707BF /* Frameworks */ = {
			isa = PBXFrameworksBuildPhase;
			buildActionMask = 2147483647;
			files = (
			);
			runOnlyForDeploymentPostprocessing = 0;
		};
/* End PBXFrameworksBuildPhase section */

/* Begin PBXGroup section */
		52ED129920391B8C00F707BF = {
			isa = PBXGroup;
			children = (
				52ED12BA20391D9F00F707BF /* CodingExamples-Bridging-Header.h */,
				52ED12A420391B8C00F707BF /* CodingExamples */,
				52ED12B120391BEF00F707BF /* CodingTests */,
				52ED12A320391B8C00F707BF /* Products */,
			);
			sourceTree = "<group>";
		};
		52ED12A320391B8C00F707BF /* Products */ = {
			isa = PBXGroup;
			children = (
				52ED12A220391B8C00F707BF /* CodingExamples */,
				52ED12B020391BEF00F707BF /* CodingTests.xctest */,
			);
			name = Products;
			sourceTree = "<group>";
		};
		52ED12A420391B8C00F707BF /* CodingExamples */ = {
			isa = PBXGroup;
			children = (
				52ED12C120392D3B00F707BF /* PowerSet */,
				52ED12A520391B8C00F707BF /* main.swift */,
			);
			path = CodingExamples;
			sourceTree = "<group>";
		};
		52ED12B120391BEF00F707BF /* CodingTests */ = {
			isa = PBXGroup;
			children = (
				52ED12B220391BEF00F707BF /* PowerSetTests.swift */,
				52ED12B420391BEF00F707BF /* Info.plist */,
			);
			path = CodingTests;
			sourceTree = "<group>";
		};
		52ED12C120392D3B00F707BF /* PowerSet */ = {
			isa = PBXGroup;
			children = (
				52ED12B820391D3B00F707BF /* String+PowerSet.swift */,
				52ED12BB20391D9F00F707BF /* NSString+PowerSet.h */,
				52ED12BC20391D9F00F707BF /* NSString+PowerSet.m */,
				52ED12C22039312700F707BF /* README.md */,
			);
			path = PowerSet;
			sourceTree = "<group>";
		};
/* End PBXGroup section */

/* Begin PBXNativeTarget section */
		52ED12A120391B8C00F707BF /* CodingExamples */ = {
			isa = PBXNativeTarget;
			buildConfigurationList = 52ED12A920391B8C00F707BF /* Build configuration list for PBXNativeTarget "CodingExamples" */;
			buildPhases = (
				52ED129E20391B8C00F707BF /* Sources */,
				52ED129F20391B8C00F707BF /* Frameworks */,
				52ED12A020391B8C00F707BF /* CopyFiles */,
			);
			buildRules = (
			);
			dependencies = (
			);
			name = CodingExamples;
			productName = CodingExamples;
			productReference = 52ED12A220391B8C00F707BF /* CodingExamples */;
			productType = "com.apple.product-type.tool";
		};
		52ED12AF20391BEF00F707BF /* CodingTests */ = {
			isa = PBXNativeTarget;
			buildConfigurationList = 52ED12B520391BEF00F707BF /* Build configuration list for PBXNativeTarget "CodingTests" */;
			buildPhases = (
				52ED12AC20391BEF00F707BF /* Sources */,
				52ED12AD20391BEF00F707BF /* Frameworks */,
				52ED12AE20391BEF00F707BF /* Resources */,
			);
			buildRules = (
			);
			dependencies = (
			);
			name = CodingTests;
			productName = CodingTests;
			productReference = 52ED12B020391BEF00F707BF /* CodingTests.xctest */;
			productType = "com.apple.product-type.bundle.unit-test";
		};
/* End PBXNativeTarget section */

/* Begin PBXProject section */
		52ED129A20391B8C00F707BF /* Project object */ = {
			isa = PBXProject;
			attributes = {
				LastSwiftUpdateCheck = 0920;
				LastUpgradeCheck = 0920;
				ORGANIZATIONNAME = "Cody Winton";
				TargetAttributes = {
					52ED12A120391B8C00F707BF = {
						CreatedOnToolsVersion = 9.2;
						LastSwiftMigration = 0920;
						ProvisioningStyle = Automatic;
					};
					52ED12AF20391BEF00F707BF = {
						CreatedOnToolsVersion = 9.2;
						ProvisioningStyle = Automatic;
					};
				};
			};
			buildConfigurationList = 52ED129D20391B8C00F707BF /* Build configuration list for PBXProject "CodingExamples" */;
			compatibilityVersion = "Xcode 8.0";
			developmentRegion = en;
			hasScannedForEncodings = 0;
			knownRegions = (
				en,
			);
			mainGroup = 52ED129920391B8C00F707BF;
			productRefGroup = 52ED12A320391B8C00F707BF /* Products */;
			projectDirPath = "";
			projectRoot = "";
			targets = (
				52ED12A120391B8C00F707BF /* CodingExamples */,
				52ED12AF20391BEF00F707BF /* CodingTests */,
			);
		};
/* End PBXProject section */

/* Begin PBXResourcesBuildPhase section */
		52ED12AE20391BEF00F707BF /* Resources */ = {
			isa = PBXResourcesBuildPhase;
			buildActionMask = 2147483647;
			files = (
			);
			runOnlyForDeploymentPostprocessing = 0;
		};
/* End PBXResourcesBuildPhase section */

/* Begin PBXSourcesBuildPhase section */
		52ED129E20391B8C00F707BF /* Sources */ = {
			isa = PBXSourcesBuildPhase;
			buildActionMask = 2147483647;
			files = (
				52ED12BD20391D9F00F707BF /* NSString+PowerSet.m in Sources */,
				52ED12B920391D3B00F707BF /* String+PowerSet.swift in Sources */,
				52ED12A620391B8C00F707BF /* main.swift in Sources */,
			);
			runOnlyForDeploymentPostprocessing = 0;
		};
		52ED12AC20391BEF00F707BF /* Sources */ = {
			isa = PBXSourcesBuildPhase;
			buildActionMask = 2147483647;
			files = (
				52ED12B320391BEF00F707BF /* PowerSetTests.swift in Sources */,
				52ED12BF2039228C00F707BF /* String+PowerSet.swift in Sources */,
				52ED12BE2039228900F707BF /* NSString+PowerSet.m in Sources */,
			);
			runOnlyForDeploymentPostprocessing = 0;
		};
/* End PBXSourcesBuildPhase section */

/* Begin XCBuildConfiguration section */
		52ED12A720391B8C00F707BF /* Debug */ = {
			isa = XCBuildConfiguration;
			buildSettings = {
				ALWAYS_SEARCH_USER_PATHS = NO;
				CLANG_ANALYZER_NONNULL = YES;
				CLANG_ANALYZER_NUMBER_OBJECT_CONVERSION = YES_AGGRESSIVE;
				CLANG_CXX_LANGUAGE_STANDARD = "gnu++14";
				CLANG_CXX_LIBRARY = "libc++";
				CLANG_ENABLE_MODULES = YES;
				CLANG_ENABLE_OBJC_ARC = YES;
				CLANG_WARN_BLOCK_CAPTURE_AUTORELEASING = YES;
				CLANG_WARN_BOOL_CONVERSION = YES;
				CLANG_WARN_COMMA = YES;
				CLANG_WARN_CONSTANT_CONVERSION = YES;
				CLANG_WARN_DIRECT_OBJC_ISA_USAGE = YES_ERROR;
				CLANG_WARN_DOCUMENTATION_COMMENTS = YES;
				CLANG_WARN_EMPTY_BODY = YES;
				CLANG_WARN_ENUM_CONVERSION = YES;
				CLANG_WARN_INFINITE_RECURSION = YES;
				CLANG_WARN_INT_CONVERSION = YES;
				CLANG_WARN_NON_LITERAL_NULL_CONVERSION = YES;
				CLANG_WARN_OBJC_LITERAL_CONVERSION = YES;
				CLANG_WARN_OBJC_ROOT_CLASS = YES_ERROR;
				CLANG_WARN_RANGE_LOOP_ANALYSIS = YES;
				CLANG_WARN_STRICT_PROTOTYPES = YES;
				CLANG_WARN_SUSPICIOUS_MOVE = YES;
				CLANG_WARN_UNGUARDED_AVAILABILITY = YES_AGGRESSIVE;
				CLANG_WARN_UNREACHABLE_CODE = YES;
				CLANG_WARN__DUPLICATE_METHOD_MATCH = YES;
				CODE_SIGN_IDENTITY = "Mac Developer";
				COPY_PHASE_STRIP = NO;
				DEBUG_INFORMATION_FORMAT = dwarf;
				ENABLE_STRICT_OBJC_MSGSEND = YES;
				ENABLE_TESTABILITY = YES;
				GCC_C_LANGUAGE_STANDARD = gnu11;
				GCC_DYNAMIC_NO_PIC = NO;
				GCC_NO_COMMON_BLOCKS = YES;
				GCC_OPTIMIZATION_LEVEL = 0;
				GCC_PREPROCESSOR_DEFINITIONS = (
					"DEBUG=1",
					"$(inherited)",
				);
				GCC_WARN_64_TO_32_BIT_CONVERSION = YES;
				GCC_WARN_ABOUT_RETURN_TYPE = YES_ERROR;
				GCC_WARN_UNDECLARED_SELECTOR = YES;
				GCC_WARN_UNINITIALIZED_AUTOS = YES_AGGRESSIVE;
				GCC_WARN_UNUSED_FUNCTION = YES;
				GCC_WARN_UNUSED_VARIABLE = YES;
				MACOSX_DEPLOYMENT_TARGET = 10.13;
				MTL_ENABLE_DEBUG_INFO = YES;
				ONLY_ACTIVE_ARCH = YES;
				SDKROOT = macosx;
				SWIFT_ACTIVE_COMPILATION_CONDITIONS = DEBUG;
				SWIFT_OPTIMIZATION_LEVEL = "-Onone";
			};
			name = Debug;
		};
		52ED12A820391B8C00F707BF /* Release */ = {
			isa = XCBuildConfiguration;
			buildSettings = {
				ALWAYS_SEARCH_USER_PATHS = NO;
				CLANG_ANALYZER_NONNULL = YES;
				CLANG_ANALYZER_NUMBER_OBJECT_CONVERSION = YES_AGGRESSIVE;
				CLANG_CXX_LANGUAGE_STANDARD = "gnu++14";
				CLANG_CXX_LIBRARY = "libc++";
				CLANG_ENABLE_MODULES = YES;
				CLANG_ENABLE_OBJC_ARC = YES;
				CLANG_WARN_BLOCK_CAPTURE_AUTORELEASING = YES;
				CLANG_WARN_BOOL_CONVERSION = YES;
				CLANG_WARN_COMMA = YES;
				CLANG_WARN_CONSTANT_CONVERSION = YES;
				CLANG_WARN_DIRECT_OBJC_ISA_USAGE = YES_ERROR;
				CLANG_WARN_DOCUMENTATION_COMMENTS = YES;
				CLANG_WARN_EMPTY_BODY = YES;
				CLANG_WARN_ENUM_CONVERSION = YES;
				CLANG_WARN_INFINITE_RECURSION = YES;
				CLANG_WARN_INT_CONVERSION = YES;
				CLANG_WARN_NON_LITERAL_NULL_CONVERSION = YES;
				CLANG_WARN_OBJC_LITERAL_CONVERSION = YES;
				CLANG_WARN_OBJC_ROOT_CLASS = YES_ERROR;
				CLANG_WARN_RANGE_LOOP_ANALYSIS = YES;
				CLANG_WARN_STRICT_PROTOTYPES = YES;
				CLANG_WARN_SUSPICIOUS_MOVE = YES;
				CLANG_WARN_UNGUARDED_AVAILABILITY = YES_AGGRESSIVE;
				CLANG_WARN_UNREACHABLE_CODE = YES;
				CLANG_WARN__DUPLICATE_METHOD_MATCH = YES;
				CODE_SIGN_IDENTITY = "Mac Developer";
				COPY_PHASE_STRIP = NO;
				DEBUG_INFORMATION_FORMAT = "dwarf-with-dsym";
				ENABLE_NS_ASSERTIONS = NO;
				ENABLE_STRICT_OBJC_MSGSEND = YES;
				GCC_C_LANGUAGE_STANDARD = gnu11;
				GCC_NO_COMMON_BLOCKS = YES;
				GCC_WARN_64_TO_32_BIT_CONVERSION = YES;
				GCC_WARN_ABOUT_RETURN_TYPE = YES_ERROR;
				GCC_WARN_UNDECLARED_SELECTOR = YES;
				GCC_WARN_UNINITIALIZED_AUTOS = YES_AGGRESSIVE;
				GCC_WARN_UNUSED_FUNCTION = YES;
				GCC_WARN_UNUSED_VARIABLE = YES;
				MACOSX_DEPLOYMENT_TARGET = 10.13;
				MTL_ENABLE_DEBUG_INFO = NO;
				SDKROOT = macosx;
				SWIFT_OPTIMIZATION_LEVEL = "-Owholemodule";
			};
			name = Release;
		};
		52ED12AA20391B8C00F707BF /* Debug */ = {
			isa = XCBuildConfiguration;
			buildSettings = {
				CLANG_ENABLE_MODULES = YES;
				CODE_SIGN_STYLE = Automatic;
				DEVELOPMENT_TEAM = FUC97LYJ62;
				LD_RUNPATH_SEARCH_PATHS = "$(inherited) @executable_path/../Frameworks @loader_path/../Frameworks";
				PRODUCT_NAME = "$(TARGET_NAME)";
				SWIFT_OBJC_BRIDGING_HEADER = "CodingExamples-Bridging-Header.h";
				SWIFT_OPTIMIZATION_LEVEL = "-Onone";
				SWIFT_VERSION = 4.0;
			};
			name = Debug;
		};
		52ED12AB20391B8C00F707BF /* Release */ = {
			isa = XCBuildConfiguration;
			buildSettings = {
				CLANG_ENABLE_MODULES = YES;
				CODE_SIGN_STYLE = Automatic;
				DEVELOPMENT_TEAM = FUC97LYJ62;
				LD_RUNPATH_SEARCH_PATHS = "$(inherited) @executable_path/../Frameworks @loader_path/../Frameworks";
				PRODUCT_NAME = "$(TARGET_NAME)";
				SWIFT_OBJC_BRIDGING_HEADER = "CodingExamples-Bridging-Header.h";
				SWIFT_VERSION = 4.0;
			};
			name = Release;
		};
		52ED12B620391BEF00F707BF /* Debug */ = {
			isa = XCBuildConfiguration;
			buildSettings = {
				CODE_SIGN_STYLE = Automatic;
				COMBINE_HIDPI_IMAGES = YES;
				DEVELOPMENT_TEAM = FUC97LYJ62;
				INFOPLIST_FILE = CodingTests/Info.plist;
				LD_RUNPATH_SEARCH_PATHS = "$(inherited) @executable_path/../Frameworks @loader_path/../Frameworks";
				PRODUCT_BUNDLE_IDENTIFIER = com.codytwinton.CodingTests;
				PRODUCT_NAME = "$(TARGET_NAME)";
				SWIFT_OBJC_BRIDGING_HEADER = "CodingExamples-Bridging-Header.h";
				SWIFT_VERSION = 4.0;
			};
			name = Debug;
		};
		52ED12B720391BEF00F707BF /* Release */ = {
			isa = XCBuildConfiguration;
			buildSettings = {
				CODE_SIGN_STYLE = Automatic;
				COMBINE_HIDPI_IMAGES = YES;
				DEVELOPMENT_TEAM = FUC97LYJ62;
				INFOPLIST_FILE = CodingTests/Info.plist;
				LD_RUNPATH_SEARCH_PATHS = "$(inherited) @executable_path/../Frameworks @loader_path/../Frameworks";
				PRODUCT_BUNDLE_IDENTIFIER = com.codytwinton.CodingTests;
				PRODUCT_NAME = "$(TARGET_NAME)";
				SWIFT_OBJC_BRIDGING_HEADER = "CodingExamples-Bridging-Header.h";
				SWIFT_VERSION = 4.0;
			};
			name = Release;
		};
/* End XCBuildConfiguration section */

/* Begin XCConfigurationList section */
		52ED129D20391B8C00F707BF /* Build configuration list for PBXProject "CodingExamples" */ = {
			isa = XCConfigurationList;
			buildConfigurations = (
				52ED12A720391B8C00F707BF /* Debug */,
				52ED12A820391B8C00F707BF /* Release */,
			);
			defaultConfigurationIsVisible = 0;
			defaultConfigurationName = Release;
		};
		52ED12A920391B8C00F707BF /* Build configuration list for PBXNativeTarget "CodingExamples" */ = {
			isa = XCConfigurationList;
			buildConfigurations = (
				52ED12AA20391B8C00F707BF /* Debug */,
				52ED12AB20391B8C00F707BF /* Release */,
			);
			defaultConfigurationIsVisible = 0;
			defaultConfigurationName = Release;
		};
		52ED12B520391BEF00F707BF /* Build configuration list for PBXNativeTarget "CodingTests" */ = {
			isa = XCConfigurationList;
			buildConfigurations = (
				52ED12B620391BEF00F707BF /* Debug */,
				52ED12B720391BEF00F707BF /* Release */,
			);
			defaultConfigurationIsVisible = 0;
			defaultConfigurationName = Release;
		};
/* End XCConfigurationList section */
	};
	rootObject = 52ED129A20391B8C00F707BF /* Project object */;
}
